// !$*UTF8*$!
{
	archiveVersion = 1;
	classes = {
	};
	objectVersion = 60;
	objects = {

/* Begin PBXBuildFile section */
		75E38D612C184DE4007D4475 /* YouTube_WidgetApp.swift in Sources */ = {isa = PBXBuildFile; fileRef = 75E38D602C184DE4007D4475 /* YouTube_WidgetApp.swift */; };
		75E38D632C184DE4007D4475 /* ContentView.swift in Sources */ = {isa = PBXBuildFile; fileRef = 75E38D622C184DE4007D4475 /* ContentView.swift */; };
		75E38D652C184DE7007D4475 /* Assets.xcassets in Resources */ = {isa = PBXBuildFile; fileRef = 75E38D642C184DE7007D4475 /* Assets.xcassets */; };
		75E38D682C184DE7007D4475 /* Preview Assets.xcassets in Resources */ = {isa = PBXBuildFile; fileRef = 75E38D672C184DE7007D4475 /* Preview Assets.xcassets */; };
		75E38D722C184DE7007D4475 /* YouTube_WidgetTests.swift in Sources */ = {isa = PBXBuildFile; fileRef = 75E38D712C184DE7007D4475 /* YouTube_WidgetTests.swift */; };
		75E38D7C2C184DE7007D4475 /* YouTube_WidgetUITests.swift in Sources */ = {isa = PBXBuildFile; fileRef = 75E38D7B2C184DE7007D4475 /* YouTube_WidgetUITests.swift */; };
		75E38D7E2C184DE7007D4475 /* YouTube_WidgetUITestsLaunchTests.swift in Sources */ = {isa = PBXBuildFile; fileRef = 75E38D7D2C184DE7007D4475 /* YouTube_WidgetUITestsLaunchTests.swift */; };
/* End PBXBuildFile section */

/* Begin PBXContainerItemProxy section */
		75E38D6E2C184DE7007D4475 /* PBXContainerItemProxy */ = {
			isa = PBXContainerItemProxy;
			containerPortal = 75E38D552C184DE4007D4475 /* Project object */;
			proxyType = 1;
			remoteGlobalIDString = 75E38D5C2C184DE4007D4475;
			remoteInfo = "YouTube Widget";
		};
		75E38D782C184DE7007D4475 /* PBXContainerItemProxy */ = {
			isa = PBXContainerItemProxy;
			containerPortal = 75E38D552C184DE4007D4475 /* Project object */;
			proxyType = 1;
			remoteGlobalIDString = 75E38D5C2C184DE4007D4475;
			remoteInfo = "YouTube Widget";
		};
/* End PBXContainerItemProxy section */

/* Begin PBXFileReference section */
		75E38D5D2C184DE4007D4475 /* YouTube Widget.app */ = {isa = PBXFileReference; explicitFileType = wrapper.application; includeInIndex = 0; path = "YouTube Widget.app"; sourceTree = BUILT_PRODUCTS_DIR; };
		75E38D602C184DE4007D4475 /* YouTube_WidgetApp.swift */ = {isa = PBXFileReference; lastKnownFileType = sourcecode.swift; path = YouTube_WidgetApp.swift; sourceTree = "<group>"; };
		75E38D622C184DE4007D4475 /* ContentView.swift */ = {isa = PBXFileReference; lastKnownFileType = sourcecode.swift; path = ContentView.swift; sourceTree = "<group>"; };
		75E38D642C184DE7007D4475 /* Assets.xcassets */ = {isa = PBXFileReference; lastKnownFileType = folder.assetcatalog; path = Assets.xcassets; sourceTree = "<group>"; };
		75E38D672C184DE7007D4475 /* Preview Assets.xcassets */ = {isa = PBXFileReference; lastKnownFileType = folder.assetcatalog; path = "Preview Assets.xcassets"; sourceTree = "<group>"; };
		75E38D6D2C184DE7007D4475 /* YouTube WidgetTests.xctest */ = {isa = PBXFileReference; explicitFileType = wrapper.cfbundle; includeInIndex = 0; path = "YouTube WidgetTests.xctest"; sourceTree = BUILT_PRODUCTS_DIR; };
		75E38D712C184DE7007D4475 /* YouTube_WidgetTests.swift */ = {isa = PBXFileReference; lastKnownFileType = sourcecode.swift; path = YouTube_WidgetTests.swift; sourceTree = "<group>"; };
		75E38D772C184DE7007D4475 /* YouTube WidgetUITests.xctest */ = {isa = PBXFileReference; explicitFileType = wrapper.cfbundle; includeInIndex = 0; path = "YouTube WidgetUITests.xctest"; sourceTree = BUILT_PRODUCTS_DIR; };
		75E38D7B2C184DE7007D4475 /* YouTube_WidgetUITests.swift */ = {isa = PBXFileReference; lastKnownFileType = sourcecode.swift; path = YouTube_WidgetUITests.swift; sourceTree = "<group>"; };
		75E38D7D2C184DE7007D4475 /* YouTube_WidgetUITestsLaunchTests.swift */ = {isa = PBXFileReference; lastKnownFileType = sourcecode.swift; path = YouTube_WidgetUITestsLaunchTests.swift; sourceTree = "<group>"; };
/* End PBXFileReference section */

/* Begin PBXFrameworksBuildPhase section */
		75E38D5A2C184DE4007D4475 /* Frameworks */ = {
			isa = PBXFrameworksBuildPhase;
			buildActionMask = 2147483647;
			files = (
			);
			runOnlyForDeploymentPostprocessing = 0;
		};
		75E38D6A2C184DE7007D4475 /* Frameworks */ = {
			isa = PBXFrameworksBuildPhase;
			buildActionMask = 2147483647;
			files = (
			);
			runOnlyForDeploymentPostprocessing = 0;
		};
		75E38D742C184DE7007D4475 /* Frameworks */ = {
			isa = PBXFrameworksBuildPhase;
			buildActionMask = 2147483647;
			files = (
			);
			runOnlyForDeploymentPostprocessing = 0;
		};
/* End PBXFrameworksBuildPhase section */

/* Begin PBXGroup section */
		75E38D542C184DE4007D4475 = {
			isa = PBXGroup;
			children = (
				75E38D5F2C184DE4007D4475 /* YouTube Widget */,
				75E38D702C184DE7007D4475 /* YouTube WidgetTests */,
				75E38D7A2C184DE7007D4475 /* YouTube WidgetUITests */,
				75E38D5E2C184DE4007D4475 /* Products */,
			);
			sourceTree = "<group>";
		};
		75E38D5E2C184DE4007D4475 /* Products */ = {
			isa = PBXGroup;
			children = (
				75E38D5D2C184DE4007D4475 /* YouTube Widget.app */,
				75E38D6D2C184DE7007D4475 /* YouTube WidgetTests.xctest */,
				75E38D772C184DE7007D4475 /* YouTube WidgetUITests.xctest */,
			);
			name = Products;
			sourceTree = "<group>";
		};
		75E38D5F2C184DE4007D4475 /* YouTube Widget */ = {
			isa = PBXGroup;
			children = (
				75E38D602C184DE4007D4475 /* YouTube_WidgetApp.swift */,
				75E38D622C184DE4007D4475 /* ContentView.swift */,
				75E38D642C184DE7007D4475 /* Assets.xcassets */,
				75E38D662C184DE7007D4475 /* Preview Content */,
			);
			path = "YouTube Widget";
			sourceTree = "<group>";
		};
		75E38D662C184DE7007D4475 /* Preview Content */ = {
			isa = PBXGroup;
			children = (
				75E38D672C184DE7007D4475 /* Preview Assets.xcassets */,
			);
			path = "Preview Content";
			sourceTree = "<group>";
		};
		75E38D702C184DE7007D4475 /* YouTube WidgetTests */ = {
			isa = PBXGroup;
			children = (
				75E38D712C184DE7007D4475 /* YouTube_WidgetTests.swift */,
			);
			path = "YouTube WidgetTests";
			sourceTree = "<group>";
		};
		75E38D7A2C184DE7007D4475 /* YouTube WidgetUITests */ = {
			isa = PBXGroup;
			children = (
				75E38D7B2C184DE7007D4475 /* YouTube_WidgetUITests.swift */,
				75E38D7D2C184DE7007D4475 /* YouTube_WidgetUITestsLaunchTests.swift */,
			);
			path = "YouTube WidgetUITests";
			sourceTree = "<group>";
		};
/* End PBXGroup section */

/* Begin PBXNativeTarget section */
		75E38D5C2C184DE4007D4475 /* YouTube Widget */ = {
			isa = PBXNativeTarget;
			buildConfigurationList = 75E38D812C184DE7007D4475 /* Build configuration list for PBXNativeTarget "YouTube Widget" */;
			buildPhases = (
				75E38D592C184DE4007D4475 /* Sources */,
				75E38D5A2C184DE4007D4475 /* Frameworks */,
				75E38D5B2C184DE4007D4475 /* Resources */,
			);
			buildRules = (
			);
			dependencies = (
			);
			name = "YouTube Widget";
			productName = "YouTube Widget";
			productReference = 75E38D5D2C184DE4007D4475 /* YouTube Widget.app */;
			productType = "com.apple.product-type.application";
		};
		75E38D6C2C184DE7007D4475 /* YouTube WidgetTests */ = {
			isa = PBXNativeTarget;
			buildConfigurationList = 75E38D842C184DE7007D4475 /* Build configuration list for PBXNativeTarget "YouTube WidgetTests" */;
			buildPhases = (
				75E38D692C184DE7007D4475 /* Sources */,
				75E38D6A2C184DE7007D4475 /* Frameworks */,
				75E38D6B2C184DE7007D4475 /* Resources */,
			);
			buildRules = (
			);
			dependencies = (
				75E38D6F2C184DE7007D4475 /* PBXTargetDependency */,
			);
			name = "YouTube WidgetTests";
			productName = "YouTube WidgetTests";
			productReference = 75E38D6D2C184DE7007D4475 /* YouTube WidgetTests.xctest */;
			productType = "com.apple.product-type.bundle.unit-test";
		};
		75E38D762C184DE7007D4475 /* YouTube WidgetUITests */ = {
			isa = PBXNativeTarget;
			buildConfigurationList = 75E38D872C184DE7007D4475 /* Build configuration list for PBXNativeTarget "YouTube WidgetUITests" */;
			buildPhases = (
				75E38D732C184DE7007D4475 /* Sources */,
				75E38D742C184DE7007D4475 /* Frameworks */,
				75E38D752C184DE7007D4475 /* Resources */,
			);
			buildRules = (
			);
			dependencies = (
				75E38D792C184DE7007D4475 /* PBXTargetDependency */,
			);
			name = "YouTube WidgetUITests";
			productName = "YouTube WidgetUITests";
			productReference = 75E38D772C184DE7007D4475 /* YouTube WidgetUITests.xctest */;
			productType = "com.apple.product-type.bundle.ui-testing";
		};
/* End PBXNativeTarget section */

/* Begin PBXProject section */
		75E38D552C184DE4007D4475 /* Project object */ = {
			isa = PBXProject;
			attributes = {
				BuildIndependentTargetsInParallel = 1;
				LastSwiftUpdateCheck = 1600;
				LastUpgradeCheck = 1600;
				TargetAttributes = {
					75E38D5C2C184DE4007D4475 = {
						CreatedOnToolsVersion = 16.0;
					};
					75E38D6C2C184DE7007D4475 = {
						CreatedOnToolsVersion = 16.0;
						TestTargetID = 75E38D5C2C184DE4007D4475;
					};
					75E38D762C184DE7007D4475 = {
						CreatedOnToolsVersion = 16.0;
						TestTargetID = 75E38D5C2C184DE4007D4475;
					};
				};
			};
			buildConfigurationList = 75E38D582C184DE4007D4475 /* Build configuration list for PBXProject "YouTube Widget" */;
			compatibilityVersion = "Xcode 15.0";
			developmentRegion = en;
			hasScannedForEncodings = 0;
			knownRegions = (
				en,
				Base,
			);
			mainGroup = 75E38D542C184DE4007D4475;
			productRefGroup = 75E38D5E2C184DE4007D4475 /* Products */;
			projectDirPath = "";
			projectRoot = "";
			targets = (
				75E38D5C2C184DE4007D4475 /* YouTube Widget */,
				75E38D6C2C184DE7007D4475 /* YouTube WidgetTests */,
				75E38D762C184DE7007D4475 /* YouTube WidgetUITests */,
			);
		};
/* End PBXProject section */

/* Begin PBXResourcesBuildPhase section */
		75E38D5B2C184DE4007D4475 /* Resources */ = {
			isa = PBXResourcesBuildPhase;
			buildActionMask = 2147483647;
			files = (
				75E38D682C184DE7007D4475 /* Preview Assets.xcassets in Resources */,
				75E38D652C184DE7007D4475 /* Assets.xcassets in Resources */,
			);
			runOnlyForDeploymentPostprocessing = 0;
		};
		75E38D6B2C184DE7007D4475 /* Resources */ = {
			isa = PBXResourcesBuildPhase;
			buildActionMask = 2147483647;
			files = (
			);
			runOnlyForDeploymentPostprocessing = 0;
		};
		75E38D752C184DE7007D4475 /* Resources */ = {
			isa = PBXResourcesBuildPhase;
			buildActionMask = 2147483647;
			files = (
			);
			runOnlyForDeploymentPostprocessing = 0;
		};
/* End PBXResourcesBuildPhase section */

/* Begin PBXSourcesBuildPhase section */
		75E38D592C184DE4007D4475 /* Sources */ = {
			isa = PBXSourcesBuildPhase;
			buildActionMask = 2147483647;
			files = (
				75E38D632C184DE4007D4475 /* ContentView.swift in Sources */,
				75E38D612C184DE4007D4475 /* YouTube_WidgetApp.swift in Sources */,
			);
			runOnlyForDeploymentPostprocessing = 0;
		};
		75E38D692C184DE7007D4475 /* Sources */ = {
			isa = PBXSourcesBuildPhase;
			buildActionMask = 2147483647;
			files = (
				75E38D722C184DE7007D4475 /* YouTube_WidgetTests.swift in Sources */,
			);
			runOnlyForDeploymentPostprocessing = 0;
		};
		75E38D732C184DE7007D4475 /* Sources */ = {
			isa = PBXSourcesBuildPhase;
			buildActionMask = 2147483647;
			files = (
				75E38D7E2C184DE7007D4475 /* YouTube_WidgetUITestsLaunchTests.swift in Sources */,
				75E38D7C2C184DE7007D4475 /* YouTube_WidgetUITests.swift in Sources */,
			);
			runOnlyForDeploymentPostprocessing = 0;
		};
/* End PBXSourcesBuildPhase section */

/* Begin PBXTargetDependency section */
		75E38D6F2C184DE7007D4475 /* PBXTargetDependency */ = {
			isa = PBXTargetDependency;
			target = 75E38D5C2C184DE4007D4475 /* YouTube Widget */;
			targetProxy = 75E38D6E2C184DE7007D4475 /* PBXContainerItemProxy */;
		};
		75E38D792C184DE7007D4475 /* PBXTargetDependency */ = {
			isa = PBXTargetDependency;
			target = 75E38D5C2C184DE4007D4475 /* YouTube Widget */;
			targetProxy = 75E38D782C184DE7007D4475 /* PBXContainerItemProxy */;
		};
/* End PBXTargetDependency section */

/* Begin XCBuildConfiguration section */
		75E38D7F2C184DE7007D4475 /* Debug */ = {
			isa = XCBuildConfiguration;
			buildSettings = {
				ALWAYS_SEARCH_USER_PATHS = NO;
				ASSETCATALOG_COMPILER_GENERATE_SWIFT_ASSET_SYMBOL_EXTENSIONS = YES;
				CLANG_ANALYZER_NONNULL = YES;
				CLANG_ANALYZER_NUMBER_OBJECT_CONVERSION = YES_AGGRESSIVE;
				CLANG_CXX_LANGUAGE_STANDARD = "gnu++20";
				CLANG_ENABLE_MODULES = YES;
				CLANG_ENABLE_OBJC_ARC = YES;
				CLANG_ENABLE_OBJC_WEAK = YES;
				CLANG_WARN_BLOCK_CAPTURE_AUTORELEASING = YES;
				CLANG_WARN_BOOL_CONVERSION = YES;
				CLANG_WARN_COMMA = YES;
				CLANG_WARN_CONSTANT_CONVERSION = YES;
				CLANG_WARN_DEPRECATED_OBJC_IMPLEMENTATIONS = YES;
				CLANG_WARN_DIRECT_OBJC_ISA_USAGE = YES_ERROR;
				CLANG_WARN_DOCUMENTATION_COMMENTS = YES;
				CLANG_WARN_EMPTY_BODY = YES;
				CLANG_WARN_ENUM_CONVERSION = YES;
				CLANG_WARN_INFINITE_RECURSION = YES;
				CLANG_WARN_INT_CONVERSION = YES;
				CLANG_WARN_NON_LITERAL_NULL_CONVERSION = YES;
				CLANG_WARN_OBJC_IMPLICIT_RETAIN_SELF = YES;
				CLANG_WARN_OBJC_LITERAL_CONVERSION = YES;
				CLANG_WARN_OBJC_ROOT_CLASS = YES_ERROR;
				CLANG_WARN_QUOTED_INCLUDE_IN_FRAMEWORK_HEADER = YES;
				CLANG_WARN_RANGE_LOOP_ANALYSIS = YES;
				CLANG_WARN_STRICT_PROTOTYPES = YES;
				CLANG_WARN_SUSPICIOUS_MOVE = YES;
				CLANG_WARN_UNGUARDED_AVAILABILITY = YES_AGGRESSIVE;
				CLANG_WARN_UNREACHABLE_CODE = YES;
				CLANG_WARN__DUPLICATE_METHOD_MATCH = YES;
				COPY_PHASE_STRIP = NO;
				DEBUG_INFORMATION_FORMAT = dwarf;
				ENABLE_STRICT_OBJC_MSGSEND = YES;
				ENABLE_TESTABILITY = YES;
				ENABLE_USER_SCRIPT_SANDBOXING = YES;
				GCC_C_LANGUAGE_STANDARD = gnu17;
				GCC_DYNAMIC_NO_PIC = NO;
				GCC_NO_COMMON_BLOCKS = YES;
				GCC_OPTIMIZATION_LEVEL = 0;
				GCC_PREPROCESSOR_DEFINITIONS = (
					"DEBUG=1",
					"$(inherited)",
				);
				GCC_WARN_64_TO_32_BIT_CONVERSION = YES;
				GCC_WARN_ABOUT_RETURN_TYPE = YES_ERROR;
				GCC_WARN_UNDECLARED_SELECTOR = YES;
				GCC_WARN_UNINITIALIZED_AUTOS = YES_AGGRESSIVE;
				GCC_WARN_UNUSED_FUNCTION = YES;
				GCC_WARN_UNUSED_VARIABLE = YES;
				IPHONEOS_DEPLOYMENT_TARGET = 18.0;
				LOCALIZATION_PREFERS_STRING_CATALOGS = YES;
				MTL_ENABLE_DEBUG_INFO = INCLUDE_SOURCE;
				MTL_FAST_MATH = YES;
				ONLY_ACTIVE_ARCH = YES;
				SDKROOT = iphoneos;
				SWIFT_ACTIVE_COMPILATION_CONDITIONS = "DEBUG $(inherited)";
				SWIFT_OPTIMIZATION_LEVEL = "-Onone";
			};
			name = Debug;
		};
		75E38D802C184DE7007D4475 /* Release */ = {
			isa = XCBuildConfiguration;
			buildSettings = {
				ALWAYS_SEARCH_USER_PATHS = NO;
				ASSETCATALOG_COMPILER_GENERATE_SWIFT_ASSET_SYMBOL_EXTENSIONS = YES;
				CLANG_ANALYZER_NONNULL = YES;
				CLANG_ANALYZER_NUMBER_OBJECT_CONVERSION = YES_AGGRESSIVE;
				CLANG_CXX_LANGUAGE_STANDARD = "gnu++20";
				CLANG_ENABLE_MODULES = YES;
				CLANG_ENABLE_OBJC_ARC = YES;
				CLANG_ENABLE_OBJC_WEAK = YES;
				CLANG_WARN_BLOCK_CAPTURE_AUTORELEASING = YES;
				CLANG_WARN_BOOL_CONVERSION = YES;
				CLANG_WARN_COMMA = YES;
				CLANG_WARN_CONSTANT_CONVERSION = YES;
				CLANG_WARN_DEPRECATED_OBJC_IMPLEMENTATIONS = YES;
				CLANG_WARN_DIRECT_OBJC_ISA_USAGE = YES_ERROR;
				CLANG_WARN_DOCUMENTATION_COMMENTS = YES;
				CLANG_WARN_EMPTY_BODY = YES;
				CLANG_WARN_ENUM_CONVERSION = YES;
				CLANG_WARN_INFINITE_RECURSION = YES;
				CLANG_WARN_INT_CONVERSION = YES;
				CLANG_WARN_NON_LITERAL_NULL_CONVERSION = YES;
				CLANG_WARN_OBJC_IMPLICIT_RETAIN_SELF = YES;
				CLANG_WARN_OBJC_LITERAL_CONVERSION = YES;
				CLANG_WARN_OBJC_ROOT_CLASS = YES_ERROR;
				CLANG_WARN_QUOTED_INCLUDE_IN_FRAMEWORK_HEADER = YES;
				CLANG_WARN_RANGE_LOOP_ANALYSIS = YES;
				CLANG_WARN_STRICT_PROTOTYPES = YES;
				CLANG_WARN_SUSPICIOUS_MOVE = YES;
				CLANG_WARN_UNGUARDED_AVAILABILITY = YES_AGGRESSIVE;
				CLANG_WARN_UNREACHABLE_CODE = YES;
				CLANG_WARN__DUPLICATE_METHOD_MATCH = YES;
				COPY_PHASE_STRIP = NO;
				DEBUG_INFORMATION_FORMAT = "dwarf-with-dsym";
				ENABLE_NS_ASSERTIONS = NO;
				ENABLE_STRICT_OBJC_MSGSEND = YES;
				ENABLE_USER_SCRIPT_SANDBOXING = YES;
				GCC_C_LANGUAGE_STANDARD = gnu17;
				GCC_NO_COMMON_BLOCKS = YES;
				GCC_WARN_64_TO_32_BIT_CONVERSION = YES;
				GCC_WARN_ABOUT_RETURN_TYPE = YES_ERROR;
				GCC_WARN_UNDECLARED_SELECTOR = YES;
				GCC_WARN_UNINITIALIZED_AUTOS = YES_AGGRESSIVE;
				GCC_WARN_UNUSED_FUNCTION = YES;
				GCC_WARN_UNUSED_VARIABLE = YES;
				IPHONEOS_DEPLOYMENT_TARGET = 18.0;
				LOCALIZATION_PREFERS_STRING_CATALOGS = YES;
				MTL_ENABLE_DEBUG_INFO = NO;
				MTL_FAST_MATH = YES;
				SDKROOT = iphoneos;
				SWIFT_COMPILATION_MODE = wholemodule;
				VALIDATE_PRODUCT = YES;
			};
			name = Release;
		};
		75E38D822C184DE7007D4475 /* Debug */ = {
			isa = XCBuildConfiguration;
			buildSettings = {
				ASSETCATALOG_COMPILER_APPICON_NAME = AppIcon;
				ASSETCATALOG_COMPILER_GLOBAL_ACCENT_COLOR_NAME = AccentColor;
				CODE_SIGN_STYLE = Automatic;
				CURRENT_PROJECT_VERSION = 1;
				DEVELOPMENT_ASSET_PATHS = "\"YouTube Widget/Preview Content\"";
				DEVELOPMENT_TEAM = G6G99FH3BK;
				ENABLE_PREVIEWS = YES;
				GENERATE_INFOPLIST_FILE = YES;
				INFOPLIST_KEY_UIApplicationSceneManifest_Generation = YES;
				INFOPLIST_KEY_UIApplicationSupportsIndirectInputEvents = YES;
				INFOPLIST_KEY_UILaunchScreen_Generation = YES;
				INFOPLIST_KEY_UISupportedInterfaceOrientations_iPad = "UIInterfaceOrientationPortrait UIInterfaceOrientationPortraitUpsideDown UIInterfaceOrientationLandscapeLeft UIInterfaceOrientationLandscapeRight";
				INFOPLIST_KEY_UISupportedInterfaceOrientations_iPhone = "UIInterfaceOrientationPortrait UIInterfaceOrientationLandscapeLeft UIInterfaceOrientationLandscapeRight";
				LD_RUNPATH_SEARCH_PATHS = (
					"$(inherited)",
					"@executable_path/Frameworks",
				);
				MARKETING_VERSION = 1.0;
				PRODUCT_BUNDLE_IDENTIFIER = "yutaro.sakai.YouTube-Widget";
				PRODUCT_NAME = "$(TARGET_NAME)";
				SWIFT_EMIT_LOC_STRINGS = YES;
				SWIFT_VERSION = 5.0;
				TARGETED_DEVICE_FAMILY = "1,2";
			};
			name = Debug;
		};
		75E38D832C184DE7007D4475 /* Release */ = {
			isa = XCBuildConfiguration;
			buildSettings = {
				ASSETCATALOG_COMPILER_APPICON_NAME = AppIcon;
				ASSETCATALOG_COMPILER_GLOBAL_ACCENT_COLOR_NAME = AccentColor;
				CODE_SIGN_STYLE = Automatic;
				CURRENT_PROJECT_VERSION = 1;
				DEVELOPMENT_ASSET_PATHS = "\"YouTube Widget/Preview Content\"";
				DEVELOPMENT_TEAM = G6G99FH3BK;
				ENABLE_PREVIEWS = YES;
				GENERATE_INFOPLIST_FILE = YES;
				INFOPLIST_KEY_UIApplicationSceneManifest_Generation = YES;
				INFOPLIST_KEY_UIApplicationSupportsIndirectInputEvents = YES;
				INFOPLIST_KEY_UILaunchScreen_Generation = YES;
				INFOPLIST_KEY_UISupportedInterfaceOrientations_iPad = "UIInterfaceOrientationPortrait UIInterfaceOrientationPortraitUpsideDown UIInterfaceOrientationLandscapeLeft UIInterfaceOrientationLandscapeRight";
				INFOPLIST_KEY_UISupportedInterfaceOrientations_iPhone = "UIInterfaceOrientationPortrait UIInterfaceOrientationLandscapeLeft UIInterfaceOrientationLandscapeRight";
				LD_RUNPATH_SEARCH_PATHS = (
					"$(inherited)",
					"@executable_path/Frameworks",
				);
				MARKETING_VERSION = 1.0;
				PRODUCT_BUNDLE_IDENTIFIER = "yutaro.sakai.YouTube-Widget";
				PRODUCT_NAME = "$(TARGET_NAME)";
				SWIFT_EMIT_LOC_STRINGS = YES;
				SWIFT_VERSION = 5.0;
				TARGETED_DEVICE_FAMILY = "1,2";
			};
			name = Release;
		};
		75E38D852C184DE7007D4475 /* Debug */ = {
			isa = XCBuildConfiguration;
			buildSettings = {
				BUNDLE_LOADER = "$(TEST_HOST)";
				CODE_SIGN_STYLE = Automatic;
				CURRENT_PROJECT_VERSION = 1;
				DEVELOPMENT_TEAM = G6G99FH3BK;
				GENERATE_INFOPLIST_FILE = YES;
				IPHONEOS_DEPLOYMENT_TARGET = 18.0;
				MARKETING_VERSION = 1.0;
				PRODUCT_BUNDLE_IDENTIFIER = "yutaro.sakai.YouTube-WidgetTests";
				PRODUCT_NAME = "$(TARGET_NAME)";
				SWIFT_EMIT_LOC_STRINGS = NO;
				SWIFT_VERSION = 5.0;
				TARGETED_DEVICE_FAMILY = "1,2";
				TEST_HOST = "$(BUILT_PRODUCTS_DIR)/YouTube Widget.app/$(BUNDLE_EXECUTABLE_FOLDER_PATH)/YouTube Widget";
			};
			name = Debug;
		};
		75E38D862C184DE7007D4475 /* Release */ = {
			isa = XCBuildConfiguration;
			buildSettings = {
				BUNDLE_LOADER = "$(TEST_HOST)";
				CODE_SIGN_STYLE = Automatic;
				CURRENT_PROJECT_VERSION = 1;
				DEVELOPMENT_TEAM = G6G99FH3BK;
				GENERATE_INFOPLIST_FILE = YES;
				IPHONEOS_DEPLOYMENT_TARGET = 18.0;
				MARKETING_VERSION = 1.0;
				PRODUCT_BUNDLE_IDENTIFIER = "yutaro.sakai.YouTube-WidgetTests";
				PRODUCT_NAME = "$(TARGET_NAME)";
				SWIFT_EMIT_LOC_STRINGS = NO;
				SWIFT_VERSION = 5.0;
				TARGETED_DEVICE_FAMILY = "1,2";
				TEST_HOST = "$(BUILT_PRODUCTS_DIR)/YouTube Widget.app/$(BUNDLE_EXECUTABLE_FOLDER_PATH)/YouTube Widget";
			};
			name = Release;
		};
		75E38D882C184DE7007D4475 /* Debug */ = {
			isa = XCBuildConfiguration;
			buildSettings = {
				CODE_SIGN_STYLE = Automatic;
				CURRENT_PROJECT_VERSION = 1;
				DEVELOPMENT_TEAM = G6G99FH3BK;
				GENERATE_INFOPLIST_FILE = YES;
				MARKETING_VERSION = 1.0;
				PRODUCT_BUNDLE_IDENTIFIER = "yutaro.sakai.YouTube-WidgetUITests";
				PRODUCT_NAME = "$(TARGET_NAME)";
				SWIFT_EMIT_LOC_STRINGS = NO;
				SWIFT_VERSION = 5.0;
				TARGETED_DEVICE_FAMILY = "1,2";
				TEST_TARGET_NAME = "YouTube Widget";
			};
			name = Debug;
		};
		75E38D892C184DE7007D4475 /* Release */ = {
			isa = XCBuildConfiguration;
			buildSettings = {
				CODE_SIGN_STYLE = Automatic;
				CURRENT_PROJECT_VERSION = 1;
				DEVELOPMENT_TEAM = G6G99FH3BK;
				GENERATE_INFOPLIST_FILE = YES;
				MARKETING_VERSION = 1.0;
				PRODUCT_BUNDLE_IDENTIFIER = "yutaro.sakai.YouTube-WidgetUITests";
				PRODUCT_NAME = "$(TARGET_NAME)";
				SWIFT_EMIT_LOC_STRINGS = NO;
				SWIFT_VERSION = 5.0;
				TARGETED_DEVICE_FAMILY = "1,2";
				TEST_TARGET_NAME = "YouTube Widget";
			};
			name = Release;
		};
/* End XCBuildConfiguration section */

/* Begin XCConfigurationList section */
		75E38D582C184DE4007D4475 /* Build configuration list for PBXProject "YouTube Widget" */ = {
			isa = XCConfigurationList;
			buildConfigurations = (
				75E38D7F2C184DE7007D4475 /* Debug */,
				75E38D802C184DE7007D4475 /* Release */,
			);
			defaultConfigurationIsVisible = 0;
			defaultConfigurationName = Release;
		};
		75E38D812C184DE7007D4475 /* Build configuration list for PBXNativeTarget "YouTube Widget" */ = {
			isa = XCConfigurationList;
			buildConfigurations = (
				75E38D822C184DE7007D4475 /* Debug */,
				75E38D832C184DE7007D4475 /* Release */,
			);
			defaultConfigurationIsVisible = 0;
			defaultConfigurationName = Release;
		};
		75E38D842C184DE7007D4475 /* Build configuration list for PBXNativeTarget "YouTube WidgetTests" */ = {
			isa = XCConfigurationList;
			buildConfigurations = (
				75E38D852C184DE7007D4475 /* Debug */,
				75E38D862C184DE7007D4475 /* Release */,
			);
			defaultConfigurationIsVisible = 0;
			defaultConfigurationName = Release;
		};
		75E38D872C184DE7007D4475 /* Build configuration list for PBXNativeTarget "YouTube WidgetUITests" */ = {
			isa = XCConfigurationList;
			buildConfigurations = (
				75E38D882C184DE7007D4475 /* Debug */,
				75E38D892C184DE7007D4475 /* Release */,
			);
			defaultConfigurationIsVisible = 0;
			defaultConfigurationName = Release;
		};
/* End XCConfigurationList section */
	};
	rootObject = 75E38D552C184DE4007D4475 /* Project object */;
}
